
Microsoft Visual Studio Solution File, Format Version 12.00
# Visual Studio Version 17
VisualStudioVersion = 17.0.31903.59
MinimumVisualStudioVersion = 10.0.40219.1
Project("{FAE04EC0-301F-11D3-BF4B-00C04F79EFBC}") = "smartparking.db.client", "db\smartparking.db.client.csproj", "{3BD82E14-72AD-43C1-9DCB-C4B1ED50E844}"
EndProject
Project("{2150E333-8FDC-42A3-9474-1A3956D46DE8}") = "api", "api", "{7468AFEF-5092-4525-B369-CF4544C94E77}"
EndProject
Project("{FAE04EC0-301F-11D3-BF4B-00C04F79EFBC}") = "apiparkingarea", "api\smartparking.api.parkingarea\apiparkingarea.csproj", "{C699E6D1-9111-4598-95D8-E2DDC3CEAED1}"
EndProject
Project("{FAE04EC0-301F-11D3-BF4B-00C04F79EFBC}") = "apiparkingevent", "api\smartparking.api.parkingevent\apiparkingevent.csproj", "{49691D2C-C929-479F-A6A8-5F47F204D2EB}"
EndProject
Global
	GlobalSection(SolutionConfigurationPlatforms) = preSolution
		Debug|Any CPU = Debug|Any CPU
		Release|Any CPU = Release|Any CPU
	EndGlobalSection
	GlobalSection(SolutionProperties) = preSolution
		HideSolutionNode = FALSE
	EndGlobalSection
	GlobalSection(ProjectConfigurationPlatforms) = postSolution
		{3BD82E14-72AD-43C1-9DCB-C4B1ED50E844}.Debug|Any CPU.ActiveCfg = Debug|Any CPU
		{3BD82E14-72AD-43C1-9DCB-C4B1ED50E844}.Debug|Any CPU.Build.0 = Debug|Any CPU
		{3BD82E14-72AD-43C1-9DCB-C4B1ED50E844}.Release|Any CPU.ActiveCfg = Release|Any CPU
		{3BD82E14-72AD-43C1-9DCB-C4B1ED50E844}.Release|Any CPU.Build.0 = Release|Any CPU
		{C699E6D1-9111-4598-95D8-E2DDC3CEAED1}.Debug|Any CPU.ActiveCfg = Debug|Any CPU
		{C699E6D1-9111-4598-95D8-E2DDC3CEAED1}.Debug|Any CPU.Build.0 = Debug|Any CPU
		{C699E6D1-9111-4598-95D8-E2DDC3CEAED1}.Release|Any CPU.ActiveCfg = Release|Any CPU
		{C699E6D1-9111-4598-95D8-E2DDC3CEAED1}.Release|Any CPU.Build.0 = Release|Any CPU
		{49691D2C-C929-479F-A6A8-5F47F204D2EB}.Debug|Any CPU.ActiveCfg = Debug|Any CPU
		{49691D2C-C929-479F-A6A8-5F47F204D2EB}.Debug|Any CPU.Build.0 = Debug|Any CPU
		{49691D2C-C929-479F-A6A8-5F47F204D2EB}.Release|Any CPU.ActiveCfg = Release|Any CPU
		{49691D2C-C929-479F-A6A8-5F47F204D2EB}.Release|Any CPU.Build.0 = Release|Any CPU
	EndGlobalSection
	GlobalSection(NestedProjects) = preSolution
		{C699E6D1-9111-4598-95D8-E2DDC3CEAED1} = {7468AFEF-5092-4525-B369-CF4544C94E77}
		{49691D2C-C929-479F-A6A8-5F47F204D2EB} = {7468AFEF-5092-4525-B369-CF4544C94E77}
	EndGlobalSection
EndGlobal
